
Microsoft Visual Studio Solution File, Format Version 12.00
# Visual Studio Version 17
VisualStudioVersion = 17.3.32922.545
MinimumVisualStudioVersion = 10.0.40219.1
Project("{9A19103F-16F7-4668-BE54-9A1E7A4F7556}") = "LoopsChallenge", "LoopsChallenge\LoopsChallenge.csproj", "{98DBC949-FD4A-4376-9F31-5DCE4F8A8973}"
EndProject
Project("{2150E333-8FDC-42A3-9474-1A3956D46DE8}") = "Solution Items", "Solution Items", "{1006DCEF-543B-458B-830D-C613A7ADA431}"
	ProjectSection(SolutionItems) = preProject
		.gitignore = .gitignore
	EndProjectSection
EndProject
Global
	GlobalSection(SolutionConfigurationPlatforms) = preSolution
		Debug|Any CPU = Debug|Any CPU
		Release|Any CPU = Release|Any CPU
	EndGlobalSection
	GlobalSection(ProjectConfigurationPlatforms) = postSolution
		{98DBC949-FD4A-4376-9F31-5DCE4F8A8973}.Debug|Any CPU.ActiveCfg = Debug|Any CPU
		{98DBC949-FD4A-4376-9F31-5DCE4F8A8973}.Debug|Any CPU.Build.0 = Debug|Any CPU
		{98DBC949-FD4A-4376-9F31-5DCE4F8A8973}.Release|Any CPU.ActiveCfg = Release|Any CPU
		{98DBC949-FD4A-4376-9F31-5DCE4F8A8973}.Release|Any CPU.Build.0 = Release|Any CPU
	EndGlobalSection
	GlobalSection(SolutionProperties) = preSolution
		HideSolutionNode = FALSE
	EndGlobalSection
	GlobalSection(ExtensibilityGlobals) = postSolution
		SolutionGuid = {A9B99D71-E9FB-44BA-B9AD-51ECCF5F001A}
	EndGlobalSection
EndGlobal
